
Microsoft Visual Studio Solution File, Format Version 12.00
# Visual Studio 14
VisualStudioVersion = 14.0.25420.1
MinimumVisualStudioVersion = 10.0.40219.1
Project("{FAE04EC0-301F-11D3-BF4B-00C04F79EFBC}") = "ConsoleCalculator", "ConsoleCalculator\ConsoleCalculator.csproj", "{6466CCE4-3D24-48CF-80BD-97963C3C8DDC}"
EndProject
Project("{FAE04EC0-301F-11D3-BF4B-00C04F79EFBC}") = "FormCalculator", "..\FormCalculator\FormCalculator.csproj", "{DEEF1921-470B-4D2A-A32D-2E478D1C06C3}"
EndProject
Global
	GlobalSection(SolutionConfigurationPlatforms) = preSolution
		Debug|Any CPU = Debug|Any CPU
		Release|Any CPU = Release|Any CPU
	EndGlobalSection
	GlobalSection(ProjectConfigurationPlatforms) = postSolution
		{6466CCE4-3D24-48CF-80BD-97963C3C8DDC}.Debug|Any CPU.ActiveCfg = Debug|Any CPU
		{6466CCE4-3D24-48CF-80BD-97963C3C8DDC}.Debug|Any CPU.Build.0 = Debug|Any CPU
		{6466CCE4-3D24-48CF-80BD-97963C3C8DDC}.Release|Any CPU.ActiveCfg = Release|Any CPU
		{6466CCE4-3D24-48CF-80BD-97963C3C8DDC}.Release|Any CPU.Build.0 = Release|Any CPU
		{DEEF1921-470B-4D2A-A32D-2E478D1C06C3}.Debug|Any CPU.ActiveCfg = Debug|Any CPU
		{DEEF1921-470B-4D2A-A32D-2E478D1C06C3}.Debug|Any CPU.Build.0 = Debug|Any CPU
		{DEEF1921-470B-4D2A-A32D-2E478D1C06C3}.Release|Any CPU.ActiveCfg = Release|Any CPU
		{DEEF1921-470B-4D2A-A32D-2E478D1C06C3}.Release|Any CPU.Build.0 = Release|Any CPU
	EndGlobalSection
	GlobalSection(SolutionProperties) = preSolution
		HideSolutionNode = FALSE
	EndGlobalSection
EndGlobal
