
Microsoft Visual Studio Solution File, Format Version 12.00
# Visual Studio 14
VisualStudioVersion = 14.0.25420.1
MinimumVisualStudioVersion = 10.0.40219.1
Project("{FAE04EC0-301F-11D3-BF4B-00C04F79EFBC}") = "Alarm", "Alarm\Alarm.csproj", "{91F25123-F4FF-4F7B-B5EE-442DB95F8E95}"
EndProject
Project("{FAE04EC0-301F-11D3-BF4B-00C04F79EFBC}") = "List", "List\List.csproj", "{AC0975D3-E282-4B35-9072-2A2B2BA81405}"
EndProject
Global
	GlobalSection(SolutionConfigurationPlatforms) = preSolution
		Debug|Any CPU = Debug|Any CPU
		Release|Any CPU = Release|Any CPU
	EndGlobalSection
	GlobalSection(ProjectConfigurationPlatforms) = postSolution
		{91F25123-F4FF-4F7B-B5EE-442DB95F8E95}.Debug|Any CPU.ActiveCfg = Debug|Any CPU
		{91F25123-F4FF-4F7B-B5EE-442DB95F8E95}.Debug|Any CPU.Build.0 = Debug|Any CPU
		{91F25123-F4FF-4F7B-B5EE-442DB95F8E95}.Release|Any CPU.ActiveCfg = Release|Any CPU
		{91F25123-F4FF-4F7B-B5EE-442DB95F8E95}.Release|Any CPU.Build.0 = Release|Any CPU
		{AC0975D3-E282-4B35-9072-2A2B2BA81405}.Debug|Any CPU.ActiveCfg = Debug|Any CPU
		{AC0975D3-E282-4B35-9072-2A2B2BA81405}.Debug|Any CPU.Build.0 = Debug|Any CPU
		{AC0975D3-E282-4B35-9072-2A2B2BA81405}.Release|Any CPU.ActiveCfg = Release|Any CPU
		{AC0975D3-E282-4B35-9072-2A2B2BA81405}.Release|Any CPU.Build.0 = Release|Any CPU
	EndGlobalSection
	GlobalSection(SolutionProperties) = preSolution
		HideSolutionNode = FALSE
	EndGlobalSection
EndGlobal
